
Microsoft Visual Studio Solution File, Format Version 12.00
# Visual Studio 15
VisualStudioVersion = 15.0.26228.10
MinimumVisualStudioVersion = 10.0.40219.1
Project("{FAE04EC0-301F-11D3-BF4B-00C04F79EFBC}") = "RLIRL-Simulator", "RLIRL-Simulator\RLIRL-Simulator.csproj", "{FA2CCB8D-D0D3-4489-BC05-7662F4774D3B}"
EndProject
Global
	GlobalSection(SolutionConfigurationPlatforms) = preSolution
		Debug|x86 = Debug|x86
		Release|x86 = Release|x86
	EndGlobalSection
	GlobalSection(ProjectConfigurationPlatforms) = postSolution
		{FA2CCB8D-D0D3-4489-BC05-7662F4774D3B}.Debug|x86.ActiveCfg = Debug|x86
		{FA2CCB8D-D0D3-4489-BC05-7662F4774D3B}.Debug|x86.Build.0 = Debug|x86
		{FA2CCB8D-D0D3-4489-BC05-7662F4774D3B}.Release|x86.ActiveCfg = Release|x86
		{FA2CCB8D-D0D3-4489-BC05-7662F4774D3B}.Release|x86.Build.0 = Release|x86
	EndGlobalSection
	GlobalSection(SolutionProperties) = preSolution
		HideSolutionNode = FALSE
	EndGlobalSection
EndGlobal
